
Microsoft Visual Studio Solution File, Format Version 12.00
# Visual Studio Version 17
VisualStudioVersion = 17.2.32802.462
MinimumVisualStudioVersion = 10.0.40219.1
Project("{FAE04EC0-301F-11D3-BF4B-00C04F79EFBC}") = "MREClass", "MREClass\MREClass.csproj", "{199A9F04-5300-4C04-9FDD-AA8BB7A3E2BB}"
EndProject
Global
	GlobalSection(SolutionConfigurationPlatforms) = preSolution
		Debug|Any CPU = Debug|Any CPU
		Release|Any CPU = Release|Any CPU
	EndGlobalSection
	GlobalSection(ProjectConfigurationPlatforms) = postSolution
		{199A9F04-5300-4C04-9FDD-AA8BB7A3E2BB}.Debug|Any CPU.ActiveCfg = Debug|Any CPU
		{199A9F04-5300-4C04-9FDD-AA8BB7A3E2BB}.Debug|Any CPU.Build.0 = Debug|Any CPU
		{199A9F04-5300-4C04-9FDD-AA8BB7A3E2BB}.Release|Any CPU.ActiveCfg = Release|Any CPU
		{199A9F04-5300-4C04-9FDD-AA8BB7A3E2BB}.Release|Any CPU.Build.0 = Release|Any CPU
	EndGlobalSection
	GlobalSection(SolutionProperties) = preSolution
		HideSolutionNode = FALSE
	EndGlobalSection
	GlobalSection(ExtensibilityGlobals) = postSolution
		SolutionGuid = {ED7E89AF-6E06-464B-9E3E-BF1143875FE7}
	EndGlobalSection
EndGlobal
